{
  "nodes": {
    "fenix": {
      "inputs": {
        "nixpkgs": [
          "nixpkgs"
        ],
        "rust-analyzer-src": "rust-analyzer-src"
      },
      "locked": {
        "lastModified": 1727850840,
        "narHash": "sha256-i6lz63lPiRnInxCB19UGd2IkHo/SNE1kNq2M+jTRpLQ=",
        "owner": "nix-community",
        "repo": "fenix",
        "rev": "b85dddb88366113db4616a64925a8b2a23854f98",
        "type": "github"
      },
      "original": {
        "owner": "nix-community",
        "repo": "fenix",
        "type": "github"
      }
    },
    "flake-utils": {
      "inputs": {
        "systems": "systems"
      },
      "locked": {
        "lastModified": 1694529238,
        "narHash": "sha256-zsNZZGTGnMOf9YpHKJqMSsa0dXbfmxeoJ7xHlrt+xmY=",
        "owner": "numtide",
        "repo": "flake-utils",
        "rev": "ff7b65b44d01cf9ba6a71320833626af21126384",
        "type": "github"
      },
      "original": {
        "owner": "numtide",
        "repo": "flake-utils",
        "type": "github"
      }
    },
    "flake-utils_2": {
      "locked": {
        "lastModified": 1667395993,
        "narHash": "sha256-nuEHfE/LcWyuSWnS8t12N1wc105Qtau+/OdUAjtQ0rA=",
        "owner": "numtide",
        "repo": "flake-utils",
        "rev": "5aed5285a952e0b949eb3ba02c12fa4fcfef535f",
        "type": "github"
      },
      "original": {
        "owner": "numtide",
        "repo": "flake-utils",
        "type": "github"
      }
    },
    "gitignore": {
      "inputs": {
        "nixpkgs": [
          "templ",
          "nixpkgs"
        ]
      },
      "locked": {
        "lastModified": 1709087332,
        "narHash": "sha256-HG2cCnktfHsKV0s4XW83gU3F57gaTljL9KNSuG6bnQs=",
        "owner": "hercules-ci",
        "repo": "gitignore.nix",
        "rev": "637db329424fd7e46cf4185293b9cc8c88c95394",
        "type": "github"
      },
      "original": {
        "owner": "hercules-ci",
        "repo": "gitignore.nix",
        "type": "github"
      }
    },
    "gomod2nix": {
      "inputs": {
        "flake-utils": "flake-utils",
        "nixpkgs": [
          "templ",
          "nixpkgs"
        ]
      },
      "locked": {
        "lastModified": 1722589758,
        "narHash": "sha256-sbbA8b6Q2vB/t/r1znHawoXLysCyD4L/6n6/RykiSnA=",
        "owner": "nix-community",
        "repo": "gomod2nix",
        "rev": "4e08ca09253ef996bd4c03afa383b23e35fe28a1",
        "type": "github"
      },
      "original": {
        "owner": "nix-community",
        "repo": "gomod2nix",
        "type": "github"
      }
    },
    "home-manager": {
      "inputs": {
        "nixpkgs": [
          "nixpkgs-unstable"
        ]
      },
      "locked": {
        "lastModified": 1726989464,
        "narHash": "sha256-Vl+WVTJwutXkimwGprnEtXc/s/s8sMuXzqXaspIGlwM=",
        "owner": "nix-community",
        "repo": "home-manager",
        "rev": "2f23fa308a7c067e52dfcc30a0758f47043ec176",
        "type": "github"
      },
      "original": {
        "owner": "nix-community",
        "ref": "release-24.05",
        "repo": "home-manager",
        "type": "github"
      }
    },
    "nix-darwin": {
      "inputs": {
        "nixpkgs": [
          "nixpkgs"
        ]
      },
      "locked": {
        "lastModified": 1727707210,
        "narHash": "sha256-8XZp5XO2FC6INZEZ2WlwErtvFVpl45ACn8CJ2hfTA0Y=",
        "owner": "LnL7",
        "repo": "nix-darwin",
        "rev": "f61d5f2051a387a15817007220e9fb3bbead57b3",
        "type": "github"
      },
      "original": {
        "owner": "LnL7",
        "repo": "nix-darwin",
        "type": "github"
      }
    },
    "nixpkgs": {
      "locked": {
        "lastModified": 1727601725,
        "narHash": "sha256-Gz+ReeZ0oW43LVcIyINGC6bLJ/0kFC9PlBuOJUMcUXw=",
        "owner": "NixOS",
        "repo": "nixpkgs",
        "rev": "e91cee8db967c83f041119233779caa73ff5f328",
        "type": "github"
      },
      "original": {
        "owner": "NixOS",
        "ref": "nixpkgs-24.05-darwin",
        "repo": "nixpkgs",
        "type": "github"
      }
    },
    "nixpkgs-unstable": {
      "locked": {
        "lastModified": 1727648392,
        "narHash": "sha256-VTlVv1nSxImFxY6RPQpNZxvEOQ0u5s1wBFDgixySNDo=",
        "owner": "NixOS",
        "repo": "nixpkgs",
        "rev": "4e0c36e4dd53f35d5a6385bdae88895ec5832f70",
        "type": "github"
      },
      "original": {
        "owner": "NixOS",
        "ref": "nixpkgs-unstable",
        "repo": "nixpkgs",
        "type": "github"
      }
    },
    "nixpkgs_2": {
      "locked": {
        "lastModified": 1724322575,
        "narHash": "sha256-kRYwAdYsaICNb2WYcWtBFG6caSuT0v/vTAyR8ap0IR0=",
        "owner": "NixOS",
        "repo": "nixpkgs",
        "rev": "2a02822b466ffb9f1c02d07c5dd6b96d08b56c6b",
        "type": "github"
      },
      "original": {
        "owner": "NixOS",
        "ref": "release-24.05",
        "repo": "nixpkgs",
        "type": "github"
      }
    },
    "root": {
      "inputs": {
        "fenix": "fenix",
        "home-manager": "home-manager",
        "nix-darwin": "nix-darwin",
        "nixpkgs": "nixpkgs",
        "nixpkgs-unstable": "nixpkgs-unstable",
        "templ": "templ"
      }
    },
    "rust-analyzer-src": {
      "flake": false,
      "locked": {
        "lastModified": 1727778987,
        "narHash": "sha256-OTI1eKQ3WIkj6q8PROpPY1vhaxYRdiS1btSfBowQPps=",
        "owner": "rust-lang",
        "repo": "rust-analyzer",
        "rev": "e1a76671af2fbc74c84c18ba18fcda5e653d7531",
        "type": "github"
      },
      "original": {
        "owner": "rust-lang",
        "ref": "nightly",
        "repo": "rust-analyzer",
        "type": "github"
      }
    },
    "systems": {
      "locked": {
        "lastModified": 1681028828,
        "narHash": "sha256-Vy1rq5AaRuLzOxct8nz4T6wlgyUR7zLU309k9mBC768=",
        "owner": "nix-systems",
        "repo": "default",
        "rev": "da67096a3b9bf56a91d16901293e51ba5b49a27e",
        "type": "github"
      },
      "original": {
        "owner": "nix-systems",
        "repo": "default",
        "type": "github"
      }
    },
    "templ": {
      "inputs": {
        "gitignore": "gitignore",
        "gomod2nix": "gomod2nix",
        "nixpkgs": "nixpkgs_2",
        "xc": "xc"
      },
      "locked": {
        "lastModified": 1727693918,
        "narHash": "sha256-kKb1j6ej7lLIa4vbkdcDDBjp8uRScabP+Eszjbr8Jmg=",
        "owner": "a-h",
        "repo": "templ",
        "rev": "3c65b4309b5c4dbc78e60fdc3e840fbedc4169a9",
        "type": "github"
      },
      "original": {
        "owner": "a-h",
        "repo": "templ",
        "type": "github"
      }
    },
    "xc": {
      "inputs": {
        "flake-utils": "flake-utils_2",
        "nixpkgs": [
          "templ",
          "nixpkgs"
        ]
      },
      "locked": {
        "lastModified": 1724404748,
        "narHash": "sha256-p6rXzNiDm2uBvO1MLzC5pJp/0zRNzj/snBzZI0ce62s=",
        "owner": "joerdav",
        "repo": "xc",
        "rev": "960ff9f109d47a19122cfb015721a76e3a0f23a2",
        "type": "github"
      },
      "original": {
        "owner": "joerdav",
        "repo": "xc",
        "type": "github"
      }
    }
  },
  "root": "root",
  "version": 7
}
