{
  "nodes": {
    "devx": {
      "inputs": {
        "flake-compat": "flake-compat",
        "flake-utils": "flake-utils",
        "nixpkgs": [
          "nixpkgs"
        ],
        "nur": "nur"
      },
      "locked": {
        "lastModified": 1742155955,
        "narHash": "sha256-H1+H6txcxEdvenSdZ5iRh/UOu8bmC+nmbMiILfhOfXE=",
        "owner": "zenginechris",
        "repo": "devx",
        "rev": "29c5b44c375beb54f0b30e7ae52f9ea7e4922fcb",
        "type": "github"
      },
      "original": {
        "owner": "zenginechris",
        "repo": "devx",
        "type": "github"
      }
    },
    "fenix": {
      "inputs": {
        "nixpkgs": [
          "nixpkgs"
        ],
        "rust-analyzer-src": "rust-analyzer-src"
      },
      "locked": {
        "lastModified": 1742452566,
        "narHash": "sha256-sVuLDQ2UIWfXUBbctzrZrXM2X05YjX08K7XHMztt36E=",
        "owner": "nix-community",
        "repo": "fenix",
        "rev": "7d9ba794daf5e8cc7ee728859bc688d8e26d5f06",
        "type": "github"
      },
      "original": {
        "owner": "nix-community",
        "repo": "fenix",
        "type": "github"
      }
    },
    "flake-compat": {
      "flake": false,
      "locked": {
        "lastModified": 1733328505,
        "narHash": "sha256-NeCCThCEP3eCl2l/+27kNNK7QrwZB1IJCrXfrbv5oqU=",
        "owner": "edolstra",
        "repo": "flake-compat",
        "rev": "ff81ac966bb2cae68946d5ed5fc4994f96d0ffec",
        "type": "github"
      },
      "original": {
        "owner": "edolstra",
        "repo": "flake-compat",
        "type": "github"
      }
    },
    "flake-parts": {
      "inputs": {
        "nixpkgs-lib": [
          "devx",
          "nur",
          "nixpkgs"
        ]
      },
      "locked": {
        "lastModified": 1733312601,
        "narHash": "sha256-4pDvzqnegAfRkPwO3wmwBhVi/Sye1mzps0zHWYnP88c=",
        "owner": "hercules-ci",
        "repo": "flake-parts",
        "rev": "205b12d8b7cd4802fbcb8e8ef6a0f1408781a4f9",
        "type": "github"
      },
      "original": {
        "owner": "hercules-ci",
        "repo": "flake-parts",
        "type": "github"
      }
    },
    "flake-utils": {
      "inputs": {
        "systems": "systems"
      },
      "locked": {
        "lastModified": 1731533236,
        "narHash": "sha256-l0KFg5HjrsfsO/JpG+r7fRrqm12kzFHyUHqHCVpMMbI=",
        "owner": "numtide",
        "repo": "flake-utils",
        "rev": "11707dc2f618dd54ca8739b309ec4fc024de578b",
        "type": "github"
      },
      "original": {
        "owner": "numtide",
        "repo": "flake-utils",
        "type": "github"
      }
    },
    "flake-utils_2": {
      "locked": {
        "lastModified": 1667395993,
        "narHash": "sha256-nuEHfE/LcWyuSWnS8t12N1wc105Qtau+/OdUAjtQ0rA=",
        "owner": "numtide",
        "repo": "flake-utils",
        "rev": "5aed5285a952e0b949eb3ba02c12fa4fcfef535f",
        "type": "github"
      },
      "original": {
        "owner": "numtide",
        "repo": "flake-utils",
        "type": "github"
      }
    },
    "gitignore": {
      "inputs": {
        "nixpkgs": [
          "templ",
          "nixpkgs"
        ]
      },
      "locked": {
        "lastModified": 1709087332,
        "narHash": "sha256-HG2cCnktfHsKV0s4XW83gU3F57gaTljL9KNSuG6bnQs=",
        "owner": "hercules-ci",
        "repo": "gitignore.nix",
        "rev": "637db329424fd7e46cf4185293b9cc8c88c95394",
        "type": "github"
      },
      "original": {
        "owner": "hercules-ci",
        "repo": "gitignore.nix",
        "type": "github"
      }
    },
    "home-manager": {
      "inputs": {
        "nixpkgs": [
          "nixpkgs-unstable"
        ]
      },
      "locked": {
        "lastModified": 1743346616,
        "narHash": "sha256-AB/ve2el1TB7k4iyogHGCVlWVkrhp3+4FKKMr1W5iKQ=",
        "owner": "nix-community",
        "repo": "home-manager",
        "rev": "1d2ed9c503cf41ca7f3db091edc8519dcdcd8b41",
        "type": "github"
      },
      "original": {
        "owner": "nix-community",
        "repo": "home-manager",
        "type": "github"
      }
    },
    "nix-darwin": {
      "inputs": {
        "nixpkgs": [
          "nixpkgs"
        ]
      },
      "locked": {
        "lastModified": 1743350051,
        "narHash": "sha256-QtVfBQe5VBnRPP5ustegPlsTdV/SZzt8akOIN5Hlwjk=",
        "owner": "LnL7",
        "repo": "nix-darwin",
        "rev": "eaff8219d629bb86e71e3274e1b7915014e7fb22",
        "type": "github"
      },
      "original": {
        "owner": "LnL7",
        "repo": "nix-darwin",
        "type": "github"
      }
    },
    "nixpkgs": {
      "locked": {
        "lastModified": 1743259260,
        "narHash": "sha256-ArWLUgRm1tKHiqlhnymyVqi5kLNCK5ghvm06mfCl4QY=",
        "owner": "NixOS",
        "repo": "nixpkgs",
        "rev": "eb0e0f21f15c559d2ac7633dc81d079d1caf5f5f",
        "type": "github"
      },
      "original": {
        "owner": "NixOS",
        "ref": "nixpkgs-unstable",
        "repo": "nixpkgs",
        "type": "github"
      }
    },
    "nixpkgs-unstable": {
      "locked": {
        "lastModified": 1743259260,
        "narHash": "sha256-ArWLUgRm1tKHiqlhnymyVqi5kLNCK5ghvm06mfCl4QY=",
        "owner": "NixOS",
        "repo": "nixpkgs",
        "rev": "eb0e0f21f15c559d2ac7633dc81d079d1caf5f5f",
        "type": "github"
      },
      "original": {
        "owner": "NixOS",
        "ref": "nixpkgs-unstable",
        "repo": "nixpkgs",
        "type": "github"
      }
    },
    "nixpkgs-unstable_2": {
      "locked": {
        "lastModified": 1741851582,
        "narHash": "sha256-cPfs8qMccim2RBgtKGF+x9IBCduRvd/N5F4nYpU0TVE=",
        "owner": "NixOS",
        "repo": "nixpkgs",
        "rev": "6607cf789e541e7873d40d3a8f7815ea92204f32",
        "type": "github"
      },
      "original": {
        "owner": "NixOS",
        "ref": "nixos-unstable",
        "repo": "nixpkgs",
        "type": "github"
      }
    },
    "nixpkgs_2": {
      "locked": {
        "lastModified": 1741862977,
        "narHash": "sha256-prZ0M8vE/ghRGGZcflvxCu40ObKaB+ikn74/xQoNrGQ=",
        "owner": "NixOS",
        "repo": "nixpkgs",
        "rev": "cdd2ef009676ac92b715ff26630164bb88fec4e0",
        "type": "github"
      },
      "original": {
        "owner": "NixOS",
        "ref": "nixos-24.11",
        "repo": "nixpkgs",
        "type": "github"
      }
    },
    "nur": {
      "inputs": {
        "flake-parts": "flake-parts",
        "nixpkgs": [
          "devx",
          "nixpkgs"
        ],
        "treefmt-nix": "treefmt-nix"
      },
      "locked": {
        "lastModified": 1742064549,
        "narHash": "sha256-PWZyjRieO/AQIcb6aAjvqnWZFCwq/nycKU2DtGd+5V0=",
        "owner": "nix-community",
        "repo": "NUR",
        "rev": "db866f5bc8b04916b1c3b813a48d05ce42259fab",
        "type": "github"
      },
      "original": {
        "owner": "nix-community",
        "repo": "NUR",
        "type": "github"
      }
    },
    "root": {
      "inputs": {
        "devx": "devx",
        "fenix": "fenix",
        "home-manager": "home-manager",
        "nix-darwin": "nix-darwin",
        "nixpkgs": "nixpkgs",
        "nixpkgs-unstable": "nixpkgs-unstable",
        "templ": "templ"
      }
    },
    "rust-analyzer-src": {
      "flake": false,
      "locked": {
        "lastModified": 1742296961,
        "narHash": "sha256-gCpvEQOrugHWLimD1wTFOJHagnSEP6VYBDspq96Idu0=",
        "owner": "rust-lang",
        "repo": "rust-analyzer",
        "rev": "15d87419f1a123d8f888d608129c3ce3ff8f13d4",
        "type": "github"
      },
      "original": {
        "owner": "rust-lang",
        "ref": "nightly",
        "repo": "rust-analyzer",
        "type": "github"
      }
    },
    "systems": {
      "locked": {
        "lastModified": 1681028828,
        "narHash": "sha256-Vy1rq5AaRuLzOxct8nz4T6wlgyUR7zLU309k9mBC768=",
        "owner": "nix-systems",
        "repo": "default",
        "rev": "da67096a3b9bf56a91d16901293e51ba5b49a27e",
        "type": "github"
      },
      "original": {
        "owner": "nix-systems",
        "repo": "default",
        "type": "github"
      }
    },
    "templ": {
      "inputs": {
        "gitignore": "gitignore",
        "nixpkgs": "nixpkgs_2",
        "nixpkgs-unstable": "nixpkgs-unstable_2",
        "version": "version",
        "xc": "xc"
      },
      "locked": {
        "lastModified": 1742906618,
        "narHash": "sha256-c3x7v5PeMJFADRfImMyEasvlC9WSjqHQxNDg1sgPBfQ=",
        "owner": "a-h",
        "repo": "templ",
        "rev": "f9ca69bfa9090edd5351e7f2bb9919aff6226c08",
        "type": "github"
      },
      "original": {
        "owner": "a-h",
        "repo": "templ",
        "type": "github"
      }
    },
    "treefmt-nix": {
      "inputs": {
        "nixpkgs": [
          "devx",
          "nur",
          "nixpkgs"
        ]
      },
      "locked": {
        "lastModified": 1733222881,
        "narHash": "sha256-JIPcz1PrpXUCbaccEnrcUS8jjEb/1vJbZz5KkobyFdM=",
        "owner": "numtide",
        "repo": "treefmt-nix",
        "rev": "49717b5af6f80172275d47a418c9719a31a78b53",
        "type": "github"
      },
      "original": {
        "owner": "numtide",
        "repo": "treefmt-nix",
        "type": "github"
      }
    },
    "version": {
      "inputs": {
        "nixpkgs": [
          "templ",
          "nixpkgs"
        ]
      },
      "locked": {
        "lastModified": 1739526350,
        "narHash": "sha256-rQ55O8rNY6oRfgynV/PRujaRMRDOEvEAeB/dWHt4OI4=",
        "owner": "a-h",
        "repo": "version",
        "rev": "5208f8efe9ba85b1cfd2b590630b976c33c4a47e",
        "type": "github"
      },
      "original": {
        "owner": "a-h",
        "repo": "version",
        "type": "github"
      }
    },
    "xc": {
      "inputs": {
        "flake-utils": "flake-utils_2",
        "nixpkgs": [
          "templ",
          "nixpkgs"
        ]
      },
      "locked": {
        "lastModified": 1737995220,
        "narHash": "sha256-1BTm0vPG6H7Xb6aGzA+v0Bv6+ONZm/kOebI4iKoZkSE=",
        "owner": "joerdav",
        "repo": "xc",
        "rev": "85ad0fa8b705f290b050d93ae6be65d994d15528",
        "type": "github"
      },
      "original": {
        "owner": "joerdav",
        "repo": "xc",
        "type": "github"
      }
    }
  },
  "root": "root",
  "version": 7
}
